# THIS IS AN AUTOGENERATED FILE. DO NOT EDIT THIS FILE DIRECTLY.
# yarn lockfile v1


hexo-i18n@^1.0.0:
  version "1.0.0"
  resolved "https://registry.yarnpkg.com/hexo-i18n/-/hexo-i18n-1.0.0.tgz#7983fb3a313e90615b84dd8fa946a71c489ef5bd"
  integrity sha512-yw90JHr7ybUHN/QOkpHmlWJj1luVk5/v8CUU5NRA0n4TFp6av8NT7ujZ10GDawgnQEdMHnN5PUfAbNIVGR6axg==
  dependencies:
    sprintf-js "^1.0.3"

sprintf-js@^1.0.3:
  version "1.1.2"
  resolved "https://registry.yarnpkg.com/sprintf-js/-/sprintf-js-1.1.2.tgz#da1765262bf8c0f571749f2ad6c26300207ae673"
  integrity sha512-VE0SOVEHCk7Qc8ulkWw3ntAzXuqf7S2lvwQaDLRnUeIEaKNQJzV6BwmLKhOqT61aGhfUMrXeaBk+oDGCzvhcug==
